{
  "object": {
    "pins": [
      {
        "package": "Alamofire",
        "repositoryURL": "https://github.com/Alamofire/Alamofire.git",
        "state": {
          "branch": null,
          "revision": "becd9a729a37bdbef5bc39dc3c702b99f9e3d046",
          "version": "5.2.2"
        }
      },
      {
        "package": "BetterSafariView",
        "repositoryURL": "https://github.com/stleamist/BetterSafariView.git",
        "state": {
          "branch": null,
          "revision": "a4a8590a24f088ddb077815f49b62c71342c5869",
          "version": "2.2.2"
        }
      },
      {
        "package": "Disk",
        "repositoryURL": "https://github.com/saoudrizwan/Disk.git",
        "state": {
          "branch": null,
          "revision": "b0cb4fdf23e51849cc2460bdc6de795c3bcca99d",
          "version": "0.6.4"
        }
      },
      {
        "package": "ExtensionKit",
        "repositoryURL": "https://github.com/stleamist/ExtensionKit.git",
        "state": {
          "branch": null,
          "revision": "83e45b87a1c4eacf1e6339810456551fef640e82",
          "version": "1.1.0"
        }
      },
      {
        "package": "FavIcon",
        "repositoryURL": "https://github.com/leonbreedt/FavIcon.git",
        "state": {
          "branch": null,
          "revision": "5bf16aad3ea543891eaef7e8da2aa2f6bb29e6e4",
          "version": "3.1.0"
        }
      },
      {
        "package": "KeychainAccess",
        "repositoryURL": "https://github.com/kishikawakatsumi/KeychainAccess.git",
        "state": {
          "branch": null,
          "revision": "654d52d30f3dd4592e944c3e0bccb53178c992f6",
          "version": "4.2.1"
        }
      },
      {
        "package": "Kingfisher",
        "repositoryURL": "https://github.com/onevcat/Kingfisher.git",
        "state": {
          "branch": null,
          "revision": "22b795dd57766fa0e86773d8733efb31dc0f31fb",
          "version": "5.15.1"
        }
      },
      {
        "package": "SwiftyJSON",
        "repositoryURL": "https://github.com/SwiftyJSON/SwiftyJSON.git",
        "state": {
          "branch": null,
          "revision": "2b6054efa051565954e1d2b9da831680026cd768",
          "version": "5.0.0"
        }
      }
    ]
  },
  "version": 1
}
