// !$*UTF8*$!
{
	archiveVersion = 1;
	classes = {
	};
	objectVersion = 52;
	objects = {

/* Begin PBXBuildFile section */
		C70BFC8524B0C70F0061C054 /* ItemThumbnail.swift in Sources */ = {isa = PBXBuildFile; fileRef = C70BFC8424B0C70F0061C054 /* ItemThumbnail.swift */; };
		C70BFC8624B0C70F0061C054 /* ItemThumbnail.swift in Sources */ = {isa = PBXBuildFile; fileRef = C70BFC8424B0C70F0061C054 /* ItemThumbnail.swift */; };
		C70BFC8824B0CBBD0061C054 /* ItemFavicon.swift in Sources */ = {isa = PBXBuildFile; fileRef = C70BFC8724B0CBBD0061C054 /* ItemFavicon.swift */; };
		C70BFC8924B0CBBD0061C054 /* ItemFavicon.swift in Sources */ = {isa = PBXBuildFile; fileRef = C70BFC8724B0CBBD0061C054 /* ItemFavicon.swift */; };
		C70BFC8C24B16BD10061C054 /* Disk in Frameworks */ = {isa = PBXBuildFile; productRef = C70BFC8B24B16BD10061C054 /* Disk */; };
		C71BE24224A5D77800C6E3F2 /* Asset.swift in Sources */ = {isa = PBXBuildFile; fileRef = C71BE24124A5D77800C6E3F2 /* Asset.swift */; };
		C71BE24324A5D77800C6E3F2 /* Asset.swift in Sources */ = {isa = PBXBuildFile; fileRef = C71BE24124A5D77800C6E3F2 /* Asset.swift */; };
		C71CFFE024AF7953001F09E3 /* PocketService+Modification.swift in Sources */ = {isa = PBXBuildFile; fileRef = C71CFFDF24AF7953001F09E3 /* PocketService+Modification.swift */; };
		C71CFFE124AF7953001F09E3 /* PocketService+Modification.swift in Sources */ = {isa = PBXBuildFile; fileRef = C71CFFDF24AF7953001F09E3 /* PocketService+Modification.swift */; };
		C71CFFE324AF8C46001F09E3 /* Text+DateFormatter.swift in Sources */ = {isa = PBXBuildFile; fileRef = C71CFFE224AF8C46001F09E3 /* Text+DateFormatter.swift */; };
		C71CFFE424AF8C46001F09E3 /* Text+DateFormatter.swift in Sources */ = {isa = PBXBuildFile; fileRef = C71CFFE224AF8C46001F09E3 /* Text+DateFormatter.swift */; };
		C71CFFE624AF8C80001F09E3 /* Utility.swift in Sources */ = {isa = PBXBuildFile; fileRef = C71CFFE524AF8C80001F09E3 /* Utility.swift */; };
		C71CFFE724AF8C80001F09E3 /* Utility.swift in Sources */ = {isa = PBXBuildFile; fileRef = C71CFFE524AF8C80001F09E3 /* Utility.swift */; };
		C71CFFEC24B074CD001F09E3 /* ItemRow.swift in Sources */ = {isa = PBXBuildFile; fileRef = C71CFFEB24B074CD001F09E3 /* ItemRow.swift */; };
		C71CFFED24B074CD001F09E3 /* ItemRow.swift in Sources */ = {isa = PBXBuildFile; fileRef = C71CFFEB24B074CD001F09E3 /* ItemRow.swift */; };
		C731243924A7630900950F26 /* Localizable.strings in Resources */ = {isa = PBXBuildFile; fileRef = C731243C24A7630900950F26 /* Localizable.strings */; };
		C731243A24A7630900950F26 /* Localizable.strings in Resources */ = {isa = PBXBuildFile; fileRef = C731243C24A7630900950F26 /* Localizable.strings */; };
		C74E622124A3104100C060A1 /* Tests_iOS.swift in Sources */ = {isa = PBXBuildFile; fileRef = C74E622024A3104100C060A1 /* Tests_iOS.swift */; };
		C74E622C24A3104100C060A1 /* Tests_macOS.swift in Sources */ = {isa = PBXBuildFile; fileRef = C74E622B24A3104100C060A1 /* Tests_macOS.swift */; };
		C74E622E24A3104100C060A1 /* PouchPlusApp.swift in Sources */ = {isa = PBXBuildFile; fileRef = C74E620524A3103F00C060A1 /* PouchPlusApp.swift */; };
		C74E622F24A3104100C060A1 /* PouchPlusApp.swift in Sources */ = {isa = PBXBuildFile; fileRef = C74E620524A3103F00C060A1 /* PouchPlusApp.swift */; };
		C74E623024A3104100C060A1 /* RootView.swift in Sources */ = {isa = PBXBuildFile; fileRef = C74E620624A3103F00C060A1 /* RootView.swift */; };
		C74E623124A3104100C060A1 /* RootView.swift in Sources */ = {isa = PBXBuildFile; fileRef = C74E620624A3103F00C060A1 /* RootView.swift */; };
		C74E623224A3104100C060A1 /* Assets.xcassets in Resources */ = {isa = PBXBuildFile; fileRef = C74E620724A3104000C060A1 /* Assets.xcassets */; };
		C74E623324A3104100C060A1 /* Assets.xcassets in Resources */ = {isa = PBXBuildFile; fileRef = C74E620724A3104000C060A1 /* Assets.xcassets */; };
		C74E624624A317EB00C060A1 /* AuthenticationView.swift in Sources */ = {isa = PBXBuildFile; fileRef = C74E624524A317EB00C060A1 /* AuthenticationView.swift */; };
		C74E624724A317EB00C060A1 /* AuthenticationView.swift in Sources */ = {isa = PBXBuildFile; fileRef = C74E624524A317EB00C060A1 /* AuthenticationView.swift */; };
		C74E624924A318F400C060A1 /* FilledButtonStyle.swift in Sources */ = {isa = PBXBuildFile; fileRef = C74E624824A318F400C060A1 /* FilledButtonStyle.swift */; };
		C74E624A24A318F400C060A1 /* FilledButtonStyle.swift in Sources */ = {isa = PBXBuildFile; fileRef = C74E624824A318F400C060A1 /* FilledButtonStyle.swift */; };
		C74E625024A3223900C060A1 /* ExtensionKit in Frameworks */ = {isa = PBXBuildFile; productRef = C74E624F24A3223900C060A1 /* ExtensionKit */; };
		C74E625224A3240100C060A1 /* AuthenticationModel.swift in Sources */ = {isa = PBXBuildFile; fileRef = C74E625124A3240100C060A1 /* AuthenticationModel.swift */; };
		C74E625324A3240100C060A1 /* AuthenticationModel.swift in Sources */ = {isa = PBXBuildFile; fileRef = C74E625124A3240100C060A1 /* AuthenticationModel.swift */; };
		C74E625924A3256300C060A1 /* Alamofire in Frameworks */ = {isa = PBXBuildFile; productRef = C74E625824A3256300C060A1 /* Alamofire */; };
		C74E625E24A35E8000C060A1 /* Publisher+AssignOptional.swift in Sources */ = {isa = PBXBuildFile; fileRef = C74E625D24A35E8000C060A1 /* Publisher+AssignOptional.swift */; };
		C74E625F24A35E8000C060A1 /* Publisher+AssignOptional.swift in Sources */ = {isa = PBXBuildFile; fileRef = C74E625D24A35E8000C060A1 /* Publisher+AssignOptional.swift */; };
		C74E626124A35F9D00C060A1 /* Constant.swift in Sources */ = {isa = PBXBuildFile; fileRef = C74E626024A35F9D00C060A1 /* Constant.swift */; };
		C74E626224A35F9D00C060A1 /* Constant.swift in Sources */ = {isa = PBXBuildFile; fileRef = C74E626024A35F9D00C060A1 /* Constant.swift */; };
		C74E629024A42E1D00C060A1 /* PouchPlusError.swift in Sources */ = {isa = PBXBuildFile; fileRef = C74E628F24A42E1D00C060A1 /* PouchPlusError.swift */; };
		C74E629124A42E1D00C060A1 /* PouchPlusError.swift in Sources */ = {isa = PBXBuildFile; fileRef = C74E628F24A42E1D00C060A1 /* PouchPlusError.swift */; };
		C74E629324A442F500C060A1 /* View+AlertErrorItem.swift in Sources */ = {isa = PBXBuildFile; fileRef = C74E629224A442F500C060A1 /* View+AlertErrorItem.swift */; };
		C74E629424A442F500C060A1 /* View+AlertErrorItem.swift in Sources */ = {isa = PBXBuildFile; fileRef = C74E629224A442F500C060A1 /* View+AlertErrorItem.swift */; };
		C753294D24A4D5CD006C1C08 /* String+ToURL.swift in Sources */ = {isa = PBXBuildFile; fileRef = C753294B24A4D5CD006C1C08 /* String+ToURL.swift */; };
		C753294E24A4D5CD006C1C08 /* String+ToURL.swift in Sources */ = {isa = PBXBuildFile; fileRef = C753294B24A4D5CD006C1C08 /* String+ToURL.swift */; };
		C753294F24A4D5CD006C1C08 /* Kingfisher+FaviconProvider.swift in Sources */ = {isa = PBXBuildFile; fileRef = C753294C24A4D5CD006C1C08 /* Kingfisher+FaviconProvider.swift */; };
		C753295024A4D5CD006C1C08 /* Kingfisher+FaviconProvider.swift in Sources */ = {isa = PBXBuildFile; fileRef = C753294C24A4D5CD006C1C08 /* Kingfisher+FaviconProvider.swift */; };
		C753295A24A4D5FF006C1C08 /* PocketService+AuthenticationInterceptor.swift in Sources */ = {isa = PBXBuildFile; fileRef = C753295524A4D5FF006C1C08 /* PocketService+AuthenticationInterceptor.swift */; };
		C753295B24A4D5FF006C1C08 /* PocketService+AuthenticationInterceptor.swift in Sources */ = {isa = PBXBuildFile; fileRef = C753295524A4D5FF006C1C08 /* PocketService+AuthenticationInterceptor.swift */; };
		C753295C24A4D5FF006C1C08 /* PocketService+AccessToken.swift in Sources */ = {isa = PBXBuildFile; fileRef = C753295624A4D5FF006C1C08 /* PocketService+AccessToken.swift */; };
		C753295D24A4D5FF006C1C08 /* PocketService+AccessToken.swift in Sources */ = {isa = PBXBuildFile; fileRef = C753295624A4D5FF006C1C08 /* PocketService+AccessToken.swift */; };
		C753295E24A4D5FF006C1C08 /* PocketService+RequestToken.swift in Sources */ = {isa = PBXBuildFile; fileRef = C753295724A4D5FF006C1C08 /* PocketService+RequestToken.swift */; };
		C753295F24A4D5FF006C1C08 /* PocketService+RequestToken.swift in Sources */ = {isa = PBXBuildFile; fileRef = C753295724A4D5FF006C1C08 /* PocketService+RequestToken.swift */; };
		C753296024A4D5FF006C1C08 /* PocketService+Retrieval.swift in Sources */ = {isa = PBXBuildFile; fileRef = C753295824A4D5FF006C1C08 /* PocketService+Retrieval.swift */; };
		C753296124A4D5FF006C1C08 /* PocketService+Retrieval.swift in Sources */ = {isa = PBXBuildFile; fileRef = C753295824A4D5FF006C1C08 /* PocketService+Retrieval.swift */; };
		C753296224A4D5FF006C1C08 /* PocketService.swift in Sources */ = {isa = PBXBuildFile; fileRef = C753295924A4D5FF006C1C08 /* PocketService.swift */; };
		C753296324A4D5FF006C1C08 /* PocketService.swift in Sources */ = {isa = PBXBuildFile; fileRef = C753295924A4D5FF006C1C08 /* PocketService.swift */; };
		C753296C24A4D614006C1C08 /* ItemList.swift in Sources */ = {isa = PBXBuildFile; fileRef = C753296724A4D614006C1C08 /* ItemList.swift */; };
		C753296D24A4D614006C1C08 /* ItemList.swift in Sources */ = {isa = PBXBuildFile; fileRef = C753296724A4D614006C1C08 /* ItemList.swift */; };
		C753297324A4D74B006C1C08 /* SwiftyJSON in Frameworks */ = {isa = PBXBuildFile; productRef = C753297224A4D74B006C1C08 /* SwiftyJSON */; };
		C753297624A4D77A006C1C08 /* KingfisherSwiftUI in Frameworks */ = {isa = PBXBuildFile; productRef = C753297524A4D77A006C1C08 /* KingfisherSwiftUI */; };
		C753297924A4D7A8006C1C08 /* FavIcon in Frameworks */ = {isa = PBXBuildFile; productRef = C753297824A4D7A8006C1C08 /* FavIcon */; };
		C75329B824A583A7006C1C08 /* DatedItemGroup.swift in Sources */ = {isa = PBXBuildFile; fileRef = C75329B724A583A7006C1C08 /* DatedItemGroup.swift */; };
		C75329B924A583A7006C1C08 /* DatedItemGroup.swift in Sources */ = {isa = PBXBuildFile; fileRef = C75329B724A583A7006C1C08 /* DatedItemGroup.swift */; };
		C75329C124A58D1D006C1C08 /* StorageKeys.swift in Sources */ = {isa = PBXBuildFile; fileRef = C75329C024A58D1D006C1C08 /* StorageKeys.swift */; };
		C75329C224A58D1D006C1C08 /* StorageKeys.swift in Sources */ = {isa = PBXBuildFile; fileRef = C75329C024A58D1D006C1C08 /* StorageKeys.swift */; };
		C75329C424A5AE4B006C1C08 /* Text+OptionalDate.swift in Sources */ = {isa = PBXBuildFile; fileRef = C75329C324A5AE4B006C1C08 /* Text+OptionalDate.swift */; };
		C75329C524A5AE4B006C1C08 /* Text+OptionalDate.swift in Sources */ = {isa = PBXBuildFile; fileRef = C75329C324A5AE4B006C1C08 /* Text+OptionalDate.swift */; };
		C75329C824A5B43D006C1C08 /* KeychainAccess in Frameworks */ = {isa = PBXBuildFile; productRef = C75329C724A5B43D006C1C08 /* KeychainAccess */; };
		C75329CA24A5B78E006C1C08 /* KeychainStorage.swift in Sources */ = {isa = PBXBuildFile; fileRef = C75329C924A5B78E006C1C08 /* KeychainStorage.swift */; };
		C75329CB24A5B78E006C1C08 /* KeychainStorage.swift in Sources */ = {isa = PBXBuildFile; fileRef = C75329C924A5B78E006C1C08 /* KeychainStorage.swift */; };
		C780C69824A492780022BC5A /* ValueLabel.swift in Sources */ = {isa = PBXBuildFile; fileRef = C780C69724A492780022BC5A /* ValueLabel.swift */; };
		C780C69924A492780022BC5A /* ValueLabel.swift in Sources */ = {isa = PBXBuildFile; fileRef = C780C69724A492780022BC5A /* ValueLabel.swift */; };
		C784843E24AD917A00003EFB /* PocketService+Addition.swift in Sources */ = {isa = PBXBuildFile; fileRef = C784843D24AD917A00003EFB /* PocketService+Addition.swift */; };
		C784843F24AD917A00003EFB /* PocketService+Addition.swift in Sources */ = {isa = PBXBuildFile; fileRef = C784843D24AD917A00003EFB /* PocketService+Addition.swift */; };
		C784844124AD98E500003EFB /* ItemEditView.swift in Sources */ = {isa = PBXBuildFile; fileRef = C784844024AD98E500003EFB /* ItemEditView.swift */; };
		C784844224AD98E500003EFB /* ItemEditView.swift in Sources */ = {isa = PBXBuildFile; fileRef = C784844024AD98E500003EFB /* ItemEditView.swift */; };
		C786E57324A4733A00459204 /* RootModel.swift in Sources */ = {isa = PBXBuildFile; fileRef = C786E57224A4733A00459204 /* RootModel.swift */; };
		C786E57424A4733A00459204 /* RootModel.swift in Sources */ = {isa = PBXBuildFile; fileRef = C786E57224A4733A00459204 /* RootModel.swift */; };
		C786E57624A4744900459204 /* PouchModel.swift in Sources */ = {isa = PBXBuildFile; fileRef = C786E57524A4744900459204 /* PouchModel.swift */; };
		C786E57724A4744900459204 /* PouchModel.swift in Sources */ = {isa = PBXBuildFile; fileRef = C786E57524A4744900459204 /* PouchModel.swift */; };
		C786E57924A475E300459204 /* PouchView.swift in Sources */ = {isa = PBXBuildFile; fileRef = C786E57824A475E300459204 /* PouchView.swift */; };
		C786E57A24A475E300459204 /* PouchView.swift in Sources */ = {isa = PBXBuildFile; fileRef = C786E57824A475E300459204 /* PouchView.swift */; };
		C786E57E24A4897500459204 /* AccountView.swift in Sources */ = {isa = PBXBuildFile; fileRef = C786E57D24A4897500459204 /* AccountView.swift */; };
		C786E57F24A4897500459204 /* AccountView.swift in Sources */ = {isa = PBXBuildFile; fileRef = C786E57D24A4897500459204 /* AccountView.swift */; };
		C7E763F325158D8700FE060C /* BetterSafariView in Frameworks */ = {isa = PBXBuildFile; productRef = C7E763F225158D8700FE060C /* BetterSafariView */; };
/* End PBXBuildFile section */

/* Begin PBXContainerItemProxy section */
		C74E621D24A3104100C060A1 /* PBXContainerItemProxy */ = {
			isa = PBXContainerItemProxy;
			containerPortal = C74E620024A3103E00C060A1 /* Project object */;
			proxyType = 1;
			remoteGlobalIDString = C74E620B24A3104000C060A1;
			remoteInfo = iOS;
		};
		C74E622824A3104100C060A1 /* PBXContainerItemProxy */ = {
			isa = PBXContainerItemProxy;
			containerPortal = C74E620024A3103E00C060A1 /* Project object */;
			proxyType = 1;
			remoteGlobalIDString = C74E621324A3104000C060A1;
			remoteInfo = macOS;
		};
/* End PBXContainerItemProxy section */

/* Begin PBXFileReference section */
		C70BFC8424B0C70F0061C054 /* ItemThumbnail.swift */ = {isa = PBXFileReference; lastKnownFileType = sourcecode.swift; path = ItemThumbnail.swift; sourceTree = "<group>"; };
		C70BFC8724B0CBBD0061C054 /* ItemFavicon.swift */ = {isa = PBXFileReference; lastKnownFileType = sourcecode.swift; path = ItemFavicon.swift; sourceTree = "<group>"; };
		C71BE24124A5D77800C6E3F2 /* Asset.swift */ = {isa = PBXFileReference; lastKnownFileType = sourcecode.swift; path = Asset.swift; sourceTree = "<group>"; };
		C71CFFDF24AF7953001F09E3 /* PocketService+Modification.swift */ = {isa = PBXFileReference; lastKnownFileType = sourcecode.swift; path = "PocketService+Modification.swift"; sourceTree = "<group>"; };
		C71CFFE224AF8C46001F09E3 /* Text+DateFormatter.swift */ = {isa = PBXFileReference; lastKnownFileType = sourcecode.swift; path = "Text+DateFormatter.swift"; sourceTree = "<group>"; };
		C71CFFE524AF8C80001F09E3 /* Utility.swift */ = {isa = PBXFileReference; lastKnownFileType = sourcecode.swift; path = Utility.swift; sourceTree = "<group>"; };
		C71CFFEB24B074CD001F09E3 /* ItemRow.swift */ = {isa = PBXFileReference; lastKnownFileType = sourcecode.swift; path = ItemRow.swift; sourceTree = "<group>"; };
		C731243B24A7630900950F26 /* en */ = {isa = PBXFileReference; lastKnownFileType = text.plist.strings; name = en; path = en.lproj/Localizable.strings; sourceTree = "<group>"; };
		C731243D24A7632F00950F26 /* ko */ = {isa = PBXFileReference; lastKnownFileType = text.plist.strings; name = ko; path = ko.lproj/Localizable.strings; sourceTree = "<group>"; };
		C74E620524A3103F00C060A1 /* PouchPlusApp.swift */ = {isa = PBXFileReference; lastKnownFileType = sourcecode.swift; path = PouchPlusApp.swift; sourceTree = "<group>"; };
		C74E620624A3103F00C060A1 /* RootView.swift */ = {isa = PBXFileReference; lastKnownFileType = sourcecode.swift; path = RootView.swift; sourceTree = "<group>"; };
		C74E620724A3104000C060A1 /* Assets.xcassets */ = {isa = PBXFileReference; lastKnownFileType = folder.assetcatalog; path = Assets.xcassets; sourceTree = "<group>"; };
		C74E620C24A3104000C060A1 /* PouchPlus.app */ = {isa = PBXFileReference; explicitFileType = wrapper.application; includeInIndex = 0; path = PouchPlus.app; sourceTree = BUILT_PRODUCTS_DIR; };
		C74E620F24A3104000C060A1 /* Info.plist */ = {isa = PBXFileReference; lastKnownFileType = text.plist.xml; path = Info.plist; sourceTree = "<group>"; };
		C74E621424A3104000C060A1 /* PouchPlus.app */ = {isa = PBXFileReference; explicitFileType = wrapper.application; includeInIndex = 0; path = PouchPlus.app; sourceTree = BUILT_PRODUCTS_DIR; };
		C74E621624A3104000C060A1 /* Info.plist */ = {isa = PBXFileReference; lastKnownFileType = text.plist.xml; path = Info.plist; sourceTree = "<group>"; };
		C74E621724A3104000C060A1 /* macOS.entitlements */ = {isa = PBXFileReference; lastKnownFileType = text.plist.entitlements; path = macOS.entitlements; sourceTree = "<group>"; };
		C74E621C24A3104100C060A1 /* Tests iOS.xctest */ = {isa = PBXFileReference; explicitFileType = wrapper.cfbundle; includeInIndex = 0; path = "Tests iOS.xctest"; sourceTree = BUILT_PRODUCTS_DIR; };
		C74E622024A3104100C060A1 /* Tests_iOS.swift */ = {isa = PBXFileReference; lastKnownFileType = sourcecode.swift; path = Tests_iOS.swift; sourceTree = "<group>"; };
		C74E622224A3104100C060A1 /* Info.plist */ = {isa = PBXFileReference; lastKnownFileType = text.plist.xml; path = Info.plist; sourceTree = "<group>"; };
		C74E622724A3104100C060A1 /* Tests macOS.xctest */ = {isa = PBXFileReference; explicitFileType = wrapper.cfbundle; includeInIndex = 0; path = "Tests macOS.xctest"; sourceTree = BUILT_PRODUCTS_DIR; };
		C74E622B24A3104100C060A1 /* Tests_macOS.swift */ = {isa = PBXFileReference; lastKnownFileType = sourcecode.swift; path = Tests_macOS.swift; sourceTree = "<group>"; };
		C74E622D24A3104100C060A1 /* Info.plist */ = {isa = PBXFileReference; lastKnownFileType = text.plist.xml; path = Info.plist; sourceTree = "<group>"; };
		C74E624524A317EB00C060A1 /* AuthenticationView.swift */ = {isa = PBXFileReference; lastKnownFileType = sourcecode.swift; path = AuthenticationView.swift; sourceTree = "<group>"; };
		C74E624824A318F400C060A1 /* FilledButtonStyle.swift */ = {isa = PBXFileReference; lastKnownFileType = sourcecode.swift; path = FilledButtonStyle.swift; sourceTree = "<group>"; };
		C74E625124A3240100C060A1 /* AuthenticationModel.swift */ = {isa = PBXFileReference; lastKnownFileType = sourcecode.swift; path = AuthenticationModel.swift; sourceTree = "<group>"; };
		C74E625D24A35E8000C060A1 /* Publisher+AssignOptional.swift */ = {isa = PBXFileReference; lastKnownFileType = sourcecode.swift; path = "Publisher+AssignOptional.swift"; sourceTree = "<group>"; };
		C74E626024A35F9D00C060A1 /* Constant.swift */ = {isa = PBXFileReference; lastKnownFileType = sourcecode.swift; path = Constant.swift; sourceTree = "<group>"; };
		C74E628F24A42E1D00C060A1 /* PouchPlusError.swift */ = {isa = PBXFileReference; lastKnownFileType = sourcecode.swift; path = PouchPlusError.swift; sourceTree = "<group>"; };
		C74E629224A442F500C060A1 /* View+AlertErrorItem.swift */ = {isa = PBXFileReference; lastKnownFileType = sourcecode.swift; path = "View+AlertErrorItem.swift"; sourceTree = "<group>"; };
		C753294B24A4D5CD006C1C08 /* String+ToURL.swift */ = {isa = PBXFileReference; fileEncoding = 4; lastKnownFileType = sourcecode.swift; path = "String+ToURL.swift"; sourceTree = "<group>"; };
		C753294C24A4D5CD006C1C08 /* Kingfisher+FaviconProvider.swift */ = {isa = PBXFileReference; fileEncoding = 4; lastKnownFileType = sourcecode.swift; path = "Kingfisher+FaviconProvider.swift"; sourceTree = "<group>"; };
		C753295524A4D5FF006C1C08 /* PocketService+AuthenticationInterceptor.swift */ = {isa = PBXFileReference; fileEncoding = 4; lastKnownFileType = sourcecode.swift; path = "PocketService+AuthenticationInterceptor.swift"; sourceTree = "<group>"; };
		C753295624A4D5FF006C1C08 /* PocketService+AccessToken.swift */ = {isa = PBXFileReference; fileEncoding = 4; lastKnownFileType = sourcecode.swift; path = "PocketService+AccessToken.swift"; sourceTree = "<group>"; };
		C753295724A4D5FF006C1C08 /* PocketService+RequestToken.swift */ = {isa = PBXFileReference; fileEncoding = 4; lastKnownFileType = sourcecode.swift; path = "PocketService+RequestToken.swift"; sourceTree = "<group>"; };
		C753295824A4D5FF006C1C08 /* PocketService+Retrieval.swift */ = {isa = PBXFileReference; fileEncoding = 4; lastKnownFileType = sourcecode.swift; path = "PocketService+Retrieval.swift"; sourceTree = "<group>"; };
		C753295924A4D5FF006C1C08 /* PocketService.swift */ = {isa = PBXFileReference; fileEncoding = 4; lastKnownFileType = sourcecode.swift; path = PocketService.swift; sourceTree = "<group>"; };
		C753296724A4D614006C1C08 /* ItemList.swift */ = {isa = PBXFileReference; fileEncoding = 4; lastKnownFileType = sourcecode.swift; path = ItemList.swift; sourceTree = "<group>"; };
		C75329B724A583A7006C1C08 /* DatedItemGroup.swift */ = {isa = PBXFileReference; lastKnownFileType = sourcecode.swift; path = DatedItemGroup.swift; sourceTree = "<group>"; };
		C75329C024A58D1D006C1C08 /* StorageKeys.swift */ = {isa = PBXFileReference; lastKnownFileType = sourcecode.swift; path = StorageKeys.swift; sourceTree = "<group>"; };
		C75329C324A5AE4B006C1C08 /* Text+OptionalDate.swift */ = {isa = PBXFileReference; lastKnownFileType = sourcecode.swift; path = "Text+OptionalDate.swift"; sourceTree = "<group>"; };
		C75329C924A5B78E006C1C08 /* KeychainStorage.swift */ = {isa = PBXFileReference; lastKnownFileType = sourcecode.swift; path = KeychainStorage.swift; sourceTree = "<group>"; };
		C780C69724A492780022BC5A /* ValueLabel.swift */ = {isa = PBXFileReference; lastKnownFileType = sourcecode.swift; path = ValueLabel.swift; sourceTree = "<group>"; };
		C784843D24AD917A00003EFB /* PocketService+Addition.swift */ = {isa = PBXFileReference; lastKnownFileType = sourcecode.swift; path = "PocketService+Addition.swift"; sourceTree = "<group>"; };
		C784844024AD98E500003EFB /* ItemEditView.swift */ = {isa = PBXFileReference; lastKnownFileType = sourcecode.swift; path = ItemEditView.swift; sourceTree = "<group>"; };
		C786E57224A4733A00459204 /* RootModel.swift */ = {isa = PBXFileReference; lastKnownFileType = sourcecode.swift; path = RootModel.swift; sourceTree = "<group>"; };
		C786E57524A4744900459204 /* PouchModel.swift */ = {isa = PBXFileReference; lastKnownFileType = sourcecode.swift; path = PouchModel.swift; sourceTree = "<group>"; };
		C786E57824A475E300459204 /* PouchView.swift */ = {isa = PBXFileReference; lastKnownFileType = sourcecode.swift; path = PouchView.swift; sourceTree = "<group>"; };
		C786E57D24A4897500459204 /* AccountView.swift */ = {isa = PBXFileReference; lastKnownFileType = sourcecode.swift; path = AccountView.swift; sourceTree = "<group>"; };
/* End PBXFileReference section */

/* Begin PBXFrameworksBuildPhase section */
		C74E620924A3104000C060A1 /* Frameworks */ = {
			isa = PBXFrameworksBuildPhase;
			buildActionMask = 2147483647;
			files = (
				C74E625924A3256300C060A1 /* Alamofire in Frameworks */,
				C74E625024A3223900C060A1 /* ExtensionKit in Frameworks */,
				C75329C824A5B43D006C1C08 /* KeychainAccess in Frameworks */,
				C753297324A4D74B006C1C08 /* SwiftyJSON in Frameworks */,
				C753297924A4D7A8006C1C08 /* FavIcon in Frameworks */,
				C753297624A4D77A006C1C08 /* KingfisherSwiftUI in Frameworks */,
				C70BFC8C24B16BD10061C054 /* Disk in Frameworks */,
				C7E763F325158D8700FE060C /* BetterSafariView in Frameworks */,
			);
			runOnlyForDeploymentPostprocessing = 0;
		};
		C74E621124A3104000C060A1 /* Frameworks */ = {
			isa = PBXFrameworksBuildPhase;
			buildActionMask = 2147483647;
			files = (
			);
			runOnlyForDeploymentPostprocessing = 0;
		};
		C74E621924A3104000C060A1 /* Frameworks */ = {
			isa = PBXFrameworksBuildPhase;
			buildActionMask = 2147483647;
			files = (
			);
			runOnlyForDeploymentPostprocessing = 0;
		};
		C74E622424A3104100C060A1 /* Frameworks */ = {
			isa = PBXFrameworksBuildPhase;
			buildActionMask = 2147483647;
			files = (
			);
			runOnlyForDeploymentPostprocessing = 0;
		};
/* End PBXFrameworksBuildPhase section */

/* Begin PBXGroup section */
		C74E61FF24A3103E00C060A1 = {
			isa = PBXGroup;
			children = (
				C74E620424A3103F00C060A1 /* Shared */,
				C74E620E24A3104000C060A1 /* iOS */,
				C74E621524A3104000C060A1 /* macOS */,
				C74E621F24A3104100C060A1 /* Tests iOS */,
				C74E622A24A3104100C060A1 /* Tests macOS */,
				C74E620D24A3104000C060A1 /* Products */,
			);
			sourceTree = "<group>";
		};
		C74E620424A3103F00C060A1 /* Shared */ = {
			isa = PBXGroup;
			children = (
				C74E620524A3103F00C060A1 /* PouchPlusApp.swift */,
				C786E57B24A47F0A00459204 /* Models */,
				C786E57C24A47F1800459204 /* Views */,
				C74E626324A3670400C060A1 /* Styles */,
				C753295424A4D5FF006C1C08 /* Service */,
				C74E628F24A42E1D00C060A1 /* PouchPlusError.swift */,
				C74E626024A35F9D00C060A1 /* Constant.swift */,
				C71CFFE524AF8C80001F09E3 /* Utility.swift */,
				C71BE24124A5D77800C6E3F2 /* Asset.swift */,
				C75329C024A58D1D006C1C08 /* StorageKeys.swift */,
				C75329C924A5B78E006C1C08 /* KeychainStorage.swift */,
				C780C69A24A492930022BC5A /* Components */,
				C74E628E24A3B96000C060A1 /* Extensions */,
				C74E620724A3104000C060A1 /* Assets.xcassets */,
				C731243C24A7630900950F26 /* Localizable.strings */,
			);
			path = Shared;
			sourceTree = "<group>";
		};
		C74E620D24A3104000C060A1 /* Products */ = {
			isa = PBXGroup;
			children = (
				C74E620C24A3104000C060A1 /* PouchPlus.app */,
				C74E621424A3104000C060A1 /* PouchPlus.app */,
				C74E621C24A3104100C060A1 /* Tests iOS.xctest */,
				C74E622724A3104100C060A1 /* Tests macOS.xctest */,
			);
			name = Products;
			sourceTree = "<group>";
		};
		C74E620E24A3104000C060A1 /* iOS */ = {
			isa = PBXGroup;
			children = (
				C74E620F24A3104000C060A1 /* Info.plist */,
			);
			path = iOS;
			sourceTree = "<group>";
		};
		C74E621524A3104000C060A1 /* macOS */ = {
			isa = PBXGroup;
			children = (
				C74E621624A3104000C060A1 /* Info.plist */,
				C74E621724A3104000C060A1 /* macOS.entitlements */,
			);
			path = macOS;
			sourceTree = "<group>";
		};
		C74E621F24A3104100C060A1 /* Tests iOS */ = {
			isa = PBXGroup;
			children = (
				C74E622024A3104100C060A1 /* Tests_iOS.swift */,
				C74E622224A3104100C060A1 /* Info.plist */,
			);
			path = "Tests iOS";
			sourceTree = "<group>";
		};
		C74E622A24A3104100C060A1 /* Tests macOS */ = {
			isa = PBXGroup;
			children = (
				C74E622B24A3104100C060A1 /* Tests_macOS.swift */,
				C74E622D24A3104100C060A1 /* Info.plist */,
			);
			path = "Tests macOS";
			sourceTree = "<group>";
		};
		C74E626324A3670400C060A1 /* Styles */ = {
			isa = PBXGroup;
			children = (
				C74E624824A318F400C060A1 /* FilledButtonStyle.swift */,
			);
			path = Styles;
			sourceTree = "<group>";
		};
		C74E628E24A3B96000C060A1 /* Extensions */ = {
			isa = PBXGroup;
			children = (
				C74E625D24A35E8000C060A1 /* Publisher+AssignOptional.swift */,
				C74E629224A442F500C060A1 /* View+AlertErrorItem.swift */,
				C753294C24A4D5CD006C1C08 /* Kingfisher+FaviconProvider.swift */,
				C753294B24A4D5CD006C1C08 /* String+ToURL.swift */,
				C75329C324A5AE4B006C1C08 /* Text+OptionalDate.swift */,
				C71CFFE224AF8C46001F09E3 /* Text+DateFormatter.swift */,
			);
			path = Extensions;
			sourceTree = "<group>";
		};
		C753295424A4D5FF006C1C08 /* Service */ = {
			isa = PBXGroup;
			children = (
				C753295924A4D5FF006C1C08 /* PocketService.swift */,
				C753295524A4D5FF006C1C08 /* PocketService+AuthenticationInterceptor.swift */,
				C753295724A4D5FF006C1C08 /* PocketService+RequestToken.swift */,
				C753295624A4D5FF006C1C08 /* PocketService+AccessToken.swift */,
				C753295824A4D5FF006C1C08 /* PocketService+Retrieval.swift */,
				C784843D24AD917A00003EFB /* PocketService+Addition.swift */,
				C71CFFDF24AF7953001F09E3 /* PocketService+Modification.swift */,
			);
			path = Service;
			sourceTree = "<group>";
		};
		C753296424A4D614006C1C08 /* Item */ = {
			isa = PBXGroup;
			children = (
				C70BFC8724B0CBBD0061C054 /* ItemFavicon.swift */,
				C70BFC8424B0C70F0061C054 /* ItemThumbnail.swift */,
				C71CFFEB24B074CD001F09E3 /* ItemRow.swift */,
				C753296724A4D614006C1C08 /* ItemList.swift */,
				C784844024AD98E500003EFB /* ItemEditView.swift */,
			);
			path = Item;
			sourceTree = "<group>";
		};
		C780C69A24A492930022BC5A /* Components */ = {
			isa = PBXGroup;
			children = (
				C780C69724A492780022BC5A /* ValueLabel.swift */,
			);
			path = Components;
			sourceTree = "<group>";
		};
		C786E57B24A47F0A00459204 /* Models */ = {
			isa = PBXGroup;
			children = (
				C786E57224A4733A00459204 /* RootModel.swift */,
				C74E625124A3240100C060A1 /* AuthenticationModel.swift */,
				C786E57524A4744900459204 /* PouchModel.swift */,
				C75329B724A583A7006C1C08 /* DatedItemGroup.swift */,
			);
			path = Models;
			sourceTree = "<group>";
		};
		C786E57C24A47F1800459204 /* Views */ = {
			isa = PBXGroup;
			children = (
				C74E620624A3103F00C060A1 /* RootView.swift */,
				C74E624524A317EB00C060A1 /* AuthenticationView.swift */,
				C786E57824A475E300459204 /* PouchView.swift */,
				C753296424A4D614006C1C08 /* Item */,
				C786E57D24A4897500459204 /* AccountView.swift */,
			);
			path = Views;
			sourceTree = "<group>";
		};
/* End PBXGroup section */

/* Begin PBXNativeTarget section */
		C74E620B24A3104000C060A1 /* iOS */ = {
			isa = PBXNativeTarget;
			buildConfigurationList = C74E623624A3104100C060A1 /* Build configuration list for PBXNativeTarget "iOS" */;
			buildPhases = (
				C74E620824A3104000C060A1 /* Sources */,
				C74E620924A3104000C060A1 /* Frameworks */,
				C74E620A24A3104000C060A1 /* Resources */,
			);
			buildRules = (
			);
			dependencies = (
			);
			name = iOS;
			packageProductDependencies = (
				C74E624F24A3223900C060A1 /* ExtensionKit */,
				C74E625824A3256300C060A1 /* Alamofire */,
				C753297224A4D74B006C1C08 /* SwiftyJSON */,
				C753297524A4D77A006C1C08 /* KingfisherSwiftUI */,
				C753297824A4D7A8006C1C08 /* FavIcon */,
				C75329C724A5B43D006C1C08 /* KeychainAccess */,
				C70BFC8B24B16BD10061C054 /* Disk */,
				C7E763F225158D8700FE060C /* BetterSafariView */,
			);
			productName = iOS;
			productReference = C74E620C24A3104000C060A1 /* PouchPlus.app */;
			productType = "com.apple.product-type.application";
		};
		C74E621324A3104000C060A1 /* macOS */ = {
			isa = PBXNativeTarget;
			buildConfigurationList = C74E623924A3104100C060A1 /* Build configuration list for PBXNativeTarget "macOS" */;
			buildPhases = (
				C74E621024A3104000C060A1 /* Sources */,
				C74E621124A3104000C060A1 /* Frameworks */,
				C74E621224A3104000C060A1 /* Resources */,
			);
			buildRules = (
			);
			dependencies = (
			);
			name = macOS;
			productName = macOS;
			productReference = C74E621424A3104000C060A1 /* PouchPlus.app */;
			productType = "com.apple.product-type.application";
		};
		C74E621B24A3104000C060A1 /* Tests iOS */ = {
			isa = PBXNativeTarget;
			buildConfigurationList = C74E623C24A3104100C060A1 /* Build configuration list for PBXNativeTarget "Tests iOS" */;
			buildPhases = (
				C74E621824A3104000C060A1 /* Sources */,
				C74E621924A3104000C060A1 /* Frameworks */,
				C74E621A24A3104000C060A1 /* Resources */,
			);
			buildRules = (
			);
			dependencies = (
				C74E621E24A3104100C060A1 /* PBXTargetDependency */,
			);
			name = "Tests iOS";
			productName = "Tests iOS";
			productReference = C74E621C24A3104100C060A1 /* Tests iOS.xctest */;
			productType = "com.apple.product-type.bundle.ui-testing";
		};
		C74E622624A3104100C060A1 /* Tests macOS */ = {
			isa = PBXNativeTarget;
			buildConfigurationList = C74E623F24A3104100C060A1 /* Build configuration list for PBXNativeTarget "Tests macOS" */;
			buildPhases = (
				C74E622324A3104100C060A1 /* Sources */,
				C74E622424A3104100C060A1 /* Frameworks */,
				C74E622524A3104100C060A1 /* Resources */,
			);
			buildRules = (
			);
			dependencies = (
				C74E622924A3104100C060A1 /* PBXTargetDependency */,
			);
			name = "Tests macOS";
			productName = "Tests macOS";
			productReference = C74E622724A3104100C060A1 /* Tests macOS.xctest */;
			productType = "com.apple.product-type.bundle.ui-testing";
		};
/* End PBXNativeTarget section */

/* Begin PBXProject section */
		C74E620024A3103E00C060A1 /* Project object */ = {
			isa = PBXProject;
			attributes = {
				LastSwiftUpdateCheck = 1200;
				LastUpgradeCheck = 1200;
				TargetAttributes = {
					C74E620B24A3104000C060A1 = {
						CreatedOnToolsVersion = 12.0;
					};
					C74E621324A3104000C060A1 = {
						CreatedOnToolsVersion = 12.0;
					};
					C74E621B24A3104000C060A1 = {
						CreatedOnToolsVersion = 12.0;
						TestTargetID = C74E620B24A3104000C060A1;
					};
					C74E622624A3104100C060A1 = {
						CreatedOnToolsVersion = 12.0;
						TestTargetID = C74E621324A3104000C060A1;
					};
				};
			};
			buildConfigurationList = C74E620324A3103E00C060A1 /* Build configuration list for PBXProject "PouchPlus" */;
			compatibilityVersion = "Xcode 9.3";
			developmentRegion = en;
			hasScannedForEncodings = 0;
			knownRegions = (
				en,
				Base,
				ko,
			);
			mainGroup = C74E61FF24A3103E00C060A1;
			packageReferences = (
				C74E624E24A3223900C060A1 /* XCRemoteSwiftPackageReference "ExtensionKit" */,
				C74E625724A3256300C060A1 /* XCRemoteSwiftPackageReference "Alamofire" */,
				C753297124A4D74B006C1C08 /* XCRemoteSwiftPackageReference "SwiftyJSON" */,
				C753297424A4D77A006C1C08 /* XCRemoteSwiftPackageReference "Kingfisher" */,
				C753297724A4D7A8006C1C08 /* XCRemoteSwiftPackageReference "FavIcon" */,
				C75329C624A5B43D006C1C08 /* XCRemoteSwiftPackageReference "KeychainAccess" */,
				C70BFC8A24B16BD10061C054 /* XCRemoteSwiftPackageReference "Disk" */,
				C7E763F125158D8700FE060C /* XCRemoteSwiftPackageReference "BetterSafariView" */,
			);
			productRefGroup = C74E620D24A3104000C060A1 /* Products */;
			projectDirPath = "";
			projectRoot = "";
			targets = (
				C74E620B24A3104000C060A1 /* iOS */,
				C74E621324A3104000C060A1 /* macOS */,
				C74E621B24A3104000C060A1 /* Tests iOS */,
				C74E622624A3104100C060A1 /* Tests macOS */,
			);
		};
/* End PBXProject section */

/* Begin PBXResourcesBuildPhase section */
		C74E620A24A3104000C060A1 /* Resources */ = {
			isa = PBXResourcesBuildPhase;
			buildActionMask = 2147483647;
			files = (
				C74E623224A3104100C060A1 /* Assets.xcassets in Resources */,
				C731243924A7630900950F26 /* Localizable.strings in Resources */,
			);
			runOnlyForDeploymentPostprocessing = 0;
		};
		C74E621224A3104000C060A1 /* Resources */ = {
			isa = PBXResourcesBuildPhase;
			buildActionMask = 2147483647;
			files = (
				C74E623324A3104100C060A1 /* Assets.xcassets in Resources */,
				C731243A24A7630900950F26 /* Localizable.strings in Resources */,
			);
			runOnlyForDeploymentPostprocessing = 0;
		};
		C74E621A24A3104000C060A1 /* Resources */ = {
			isa = PBXResourcesBuildPhase;
			buildActionMask = 2147483647;
			files = (
			);
			runOnlyForDeploymentPostprocessing = 0;
		};
		C74E622524A3104100C060A1 /* Resources */ = {
			isa = PBXResourcesBuildPhase;
			buildActionMask = 2147483647;
			files = (
			);
			runOnlyForDeploymentPostprocessing = 0;
		};
/* End PBXResourcesBuildPhase section */

/* Begin PBXSourcesBuildPhase section */
		C74E620824A3104000C060A1 /* Sources */ = {
			isa = PBXSourcesBuildPhase;
			buildActionMask = 2147483647;
			files = (
				C753295C24A4D5FF006C1C08 /* PocketService+AccessToken.swift in Sources */,
				C786E57E24A4897500459204 /* AccountView.swift in Sources */,
				C74E624624A317EB00C060A1 /* AuthenticationView.swift in Sources */,
				C71CFFE624AF8C80001F09E3 /* Utility.swift in Sources */,
				C786E57924A475E300459204 /* PouchView.swift in Sources */,
				C71CFFEC24B074CD001F09E3 /* ItemRow.swift in Sources */,
				C780C69824A492780022BC5A /* ValueLabel.swift in Sources */,
				C71CFFE024AF7953001F09E3 /* PocketService+Modification.swift in Sources */,
				C786E57624A4744900459204 /* PouchModel.swift in Sources */,
				C753295E24A4D5FF006C1C08 /* PocketService+RequestToken.swift in Sources */,
				C753294D24A4D5CD006C1C08 /* String+ToURL.swift in Sources */,
				C70BFC8524B0C70F0061C054 /* ItemThumbnail.swift in Sources */,
				C74E629324A442F500C060A1 /* View+AlertErrorItem.swift in Sources */,
				C753295A24A4D5FF006C1C08 /* PocketService+AuthenticationInterceptor.swift in Sources */,
				C74E623024A3104100C060A1 /* RootView.swift in Sources */,
				C74E622E24A3104100C060A1 /* PouchPlusApp.swift in Sources */,
				C75329C424A5AE4B006C1C08 /* Text+OptionalDate.swift in Sources */,
				C74E625224A3240100C060A1 /* AuthenticationModel.swift in Sources */,
				C74E629024A42E1D00C060A1 /* PouchPlusError.swift in Sources */,
				C786E57324A4733A00459204 /* RootModel.swift in Sources */,
				C753296C24A4D614006C1C08 /* ItemList.swift in Sources */,
				C75329CA24A5B78E006C1C08 /* KeychainStorage.swift in Sources */,
				C70BFC8824B0CBBD0061C054 /* ItemFavicon.swift in Sources */,
				C784844124AD98E500003EFB /* ItemEditView.swift in Sources */,
				C75329B824A583A7006C1C08 /* DatedItemGroup.swift in Sources */,
				C784843E24AD917A00003EFB /* PocketService+Addition.swift in Sources */,
				C74E625E24A35E8000C060A1 /* Publisher+AssignOptional.swift in Sources */,
				C753296224A4D5FF006C1C08 /* PocketService.swift in Sources */,
				C753296024A4D5FF006C1C08 /* PocketService+Retrieval.swift in Sources */,
				C71BE24224A5D77800C6E3F2 /* Asset.swift in Sources */,
				C75329C124A58D1D006C1C08 /* StorageKeys.swift in Sources */,
				C74E624924A318F400C060A1 /* FilledButtonStyle.swift in Sources */,
				C71CFFE324AF8C46001F09E3 /* Text+DateFormatter.swift in Sources */,
				C753294F24A4D5CD006C1C08 /* Kingfisher+FaviconProvider.swift in Sources */,
				C74E626124A35F9D00C060A1 /* Constant.swift in Sources */,
			);
			runOnlyForDeploymentPostprocessing = 0;
		};
		C74E621024A3104000C060A1 /* Sources */ = {
			isa = PBXSourcesBuildPhase;
			buildActionMask = 2147483647;
			files = (
				C753295D24A4D5FF006C1C08 /* PocketService+AccessToken.swift in Sources */,
				C786E57F24A4897500459204 /* AccountView.swift in Sources */,
				C74E624724A317EB00C060A1 /* AuthenticationView.swift in Sources */,
				C71CFFE724AF8C80001F09E3 /* Utility.swift in Sources */,
				C786E57A24A475E300459204 /* PouchView.swift in Sources */,
				C71CFFED24B074CD001F09E3 /* ItemRow.swift in Sources */,
				C780C69924A492780022BC5A /* ValueLabel.swift in Sources */,
				C71CFFE124AF7953001F09E3 /* PocketService+Modification.swift in Sources */,
				C786E57724A4744900459204 /* PouchModel.swift in Sources */,
				C753295F24A4D5FF006C1C08 /* PocketService+RequestToken.swift in Sources */,
				C753294E24A4D5CD006C1C08 /* String+ToURL.swift in Sources */,
				C70BFC8624B0C70F0061C054 /* ItemThumbnail.swift in Sources */,
				C74E629424A442F500C060A1 /* View+AlertErrorItem.swift in Sources */,
				C753295B24A4D5FF006C1C08 /* PocketService+AuthenticationInterceptor.swift in Sources */,
				C74E623124A3104100C060A1 /* RootView.swift in Sources */,
				C74E622F24A3104100C060A1 /* PouchPlusApp.swift in Sources */,
				C75329C524A5AE4B006C1C08 /* Text+OptionalDate.swift in Sources */,
				C74E625324A3240100C060A1 /* AuthenticationModel.swift in Sources */,
				C74E629124A42E1D00C060A1 /* PouchPlusError.swift in Sources */,
				C786E57424A4733A00459204 /* RootModel.swift in Sources */,
				C753296D24A4D614006C1C08 /* ItemList.swift in Sources */,
				C75329CB24A5B78E006C1C08 /* KeychainStorage.swift in Sources */,
				C70BFC8924B0CBBD0061C054 /* ItemFavicon.swift in Sources */,
				C784844224AD98E500003EFB /* ItemEditView.swift in Sources */,
				C75329B924A583A7006C1C08 /* DatedItemGroup.swift in Sources */,
				C784843F24AD917A00003EFB /* PocketService+Addition.swift in Sources */,
				C74E625F24A35E8000C060A1 /* Publisher+AssignOptional.swift in Sources */,
				C753296324A4D5FF006C1C08 /* PocketService.swift in Sources */,
				C753296124A4D5FF006C1C08 /* PocketService+Retrieval.swift in Sources */,
				C71BE24324A5D77800C6E3F2 /* Asset.swift in Sources */,
				C75329C224A58D1D006C1C08 /* StorageKeys.swift in Sources */,
				C74E624A24A318F400C060A1 /* FilledButtonStyle.swift in Sources */,
				C71CFFE424AF8C46001F09E3 /* Text+DateFormatter.swift in Sources */,
				C753295024A4D5CD006C1C08 /* Kingfisher+FaviconProvider.swift in Sources */,
				C74E626224A35F9D00C060A1 /* Constant.swift in Sources */,
			);
			runOnlyForDeploymentPostprocessing = 0;
		};
		C74E621824A3104000C060A1 /* Sources */ = {
			isa = PBXSourcesBuildPhase;
			buildActionMask = 2147483647;
			files = (
				C74E622124A3104100C060A1 /* Tests_iOS.swift in Sources */,
			);
			runOnlyForDeploymentPostprocessing = 0;
		};
		C74E622324A3104100C060A1 /* Sources */ = {
			isa = PBXSourcesBuildPhase;
			buildActionMask = 2147483647;
			files = (
				C74E622C24A3104100C060A1 /* Tests_macOS.swift in Sources */,
			);
			runOnlyForDeploymentPostprocessing = 0;
		};
/* End PBXSourcesBuildPhase section */

/* Begin PBXTargetDependency section */
		C74E621E24A3104100C060A1 /* PBXTargetDependency */ = {
			isa = PBXTargetDependency;
			target = C74E620B24A3104000C060A1 /* iOS */;
			targetProxy = C74E621D24A3104100C060A1 /* PBXContainerItemProxy */;
		};
		C74E622924A3104100C060A1 /* PBXTargetDependency */ = {
			isa = PBXTargetDependency;
			target = C74E621324A3104000C060A1 /* macOS */;
			targetProxy = C74E622824A3104100C060A1 /* PBXContainerItemProxy */;
		};
/* End PBXTargetDependency section */

/* Begin PBXVariantGroup section */
		C731243C24A7630900950F26 /* Localizable.strings */ = {
			isa = PBXVariantGroup;
			children = (
				C731243B24A7630900950F26 /* en */,
				C731243D24A7632F00950F26 /* ko */,
			);
			name = Localizable.strings;
			sourceTree = "<group>";
		};
/* End PBXVariantGroup section */

/* Begin XCBuildConfiguration section */
		C74E623424A3104100C060A1 /* Debug */ = {
			isa = XCBuildConfiguration;
			buildSettings = {
				ALWAYS_SEARCH_USER_PATHS = NO;
				CLANG_ANALYZER_LOCALIZABILITY_NONLOCALIZED = YES;
				CLANG_ANALYZER_NONNULL = YES;
				CLANG_ANALYZER_NUMBER_OBJECT_CONVERSION = YES_AGGRESSIVE;
				CLANG_CXX_LANGUAGE_STANDARD = "gnu++14";
				CLANG_CXX_LIBRARY = "libc++";
				CLANG_ENABLE_MODULES = YES;
				CLANG_ENABLE_OBJC_ARC = YES;
				CLANG_ENABLE_OBJC_WEAK = YES;
				CLANG_WARN_BLOCK_CAPTURE_AUTORELEASING = YES;
				CLANG_WARN_BOOL_CONVERSION = YES;
				CLANG_WARN_COMMA = YES;
				CLANG_WARN_CONSTANT_CONVERSION = YES;
				CLANG_WARN_DEPRECATED_OBJC_IMPLEMENTATIONS = YES;
				CLANG_WARN_DIRECT_OBJC_ISA_USAGE = YES_ERROR;
				CLANG_WARN_DOCUMENTATION_COMMENTS = YES;
				CLANG_WARN_EMPTY_BODY = YES;
				CLANG_WARN_ENUM_CONVERSION = YES;
				CLANG_WARN_INFINITE_RECURSION = YES;
				CLANG_WARN_INT_CONVERSION = YES;
				CLANG_WARN_NON_LITERAL_NULL_CONVERSION = YES;
				CLANG_WARN_OBJC_IMPLICIT_RETAIN_SELF = YES;
				CLANG_WARN_OBJC_LITERAL_CONVERSION = YES;
				CLANG_WARN_OBJC_ROOT_CLASS = YES_ERROR;
				CLANG_WARN_QUOTED_INCLUDE_IN_FRAMEWORK_HEADER = YES;
				CLANG_WARN_RANGE_LOOP_ANALYSIS = YES;
				CLANG_WARN_STRICT_PROTOTYPES = YES;
				CLANG_WARN_SUSPICIOUS_MOVE = YES;
				CLANG_WARN_UNGUARDED_AVAILABILITY = YES_AGGRESSIVE;
				CLANG_WARN_UNREACHABLE_CODE = YES;
				CLANG_WARN__DUPLICATE_METHOD_MATCH = YES;
				COPY_PHASE_STRIP = NO;
				DEBUG_INFORMATION_FORMAT = dwarf;
				ENABLE_STRICT_OBJC_MSGSEND = YES;
				ENABLE_TESTABILITY = YES;
				GCC_C_LANGUAGE_STANDARD = gnu11;
				GCC_DYNAMIC_NO_PIC = NO;
				GCC_NO_COMMON_BLOCKS = YES;
				GCC_OPTIMIZATION_LEVEL = 0;
				GCC_PREPROCESSOR_DEFINITIONS = (
					"DEBUG=1",
					"$(inherited)",
				);
				GCC_WARN_64_TO_32_BIT_CONVERSION = YES;
				GCC_WARN_ABOUT_RETURN_TYPE = YES_ERROR;
				GCC_WARN_UNDECLARED_SELECTOR = YES;
				GCC_WARN_UNINITIALIZED_AUTOS = YES_AGGRESSIVE;
				GCC_WARN_UNUSED_FUNCTION = YES;
				GCC_WARN_UNUSED_VARIABLE = YES;
				MTL_ENABLE_DEBUG_INFO = INCLUDE_SOURCE;
				MTL_FAST_MATH = YES;
				ONLY_ACTIVE_ARCH = YES;
				SWIFT_ACTIVE_COMPILATION_CONDITIONS = DEBUG;
				SWIFT_OPTIMIZATION_LEVEL = "-Onone";
			};
			name = Debug;
		};
		C74E623524A3104100C060A1 /* Release */ = {
			isa = XCBuildConfiguration;
			buildSettings = {
				ALWAYS_SEARCH_USER_PATHS = NO;
				CLANG_ANALYZER_LOCALIZABILITY_NONLOCALIZED = YES;
				CLANG_ANALYZER_NONNULL = YES;
				CLANG_ANALYZER_NUMBER_OBJECT_CONVERSION = YES_AGGRESSIVE;
				CLANG_CXX_LANGUAGE_STANDARD = "gnu++14";
				CLANG_CXX_LIBRARY = "libc++";
				CLANG_ENABLE_MODULES = YES;
				CLANG_ENABLE_OBJC_ARC = YES;
				CLANG_ENABLE_OBJC_WEAK = YES;
				CLANG_WARN_BLOCK_CAPTURE_AUTORELEASING = YES;
				CLANG_WARN_BOOL_CONVERSION = YES;
				CLANG_WARN_COMMA = YES;
				CLANG_WARN_CONSTANT_CONVERSION = YES;
				CLANG_WARN_DEPRECATED_OBJC_IMPLEMENTATIONS = YES;
				CLANG_WARN_DIRECT_OBJC_ISA_USAGE = YES_ERROR;
				CLANG_WARN_DOCUMENTATION_COMMENTS = YES;
				CLANG_WARN_EMPTY_BODY = YES;
				CLANG_WARN_ENUM_CONVERSION = YES;
				CLANG_WARN_INFINITE_RECURSION = YES;
				CLANG_WARN_INT_CONVERSION = YES;
				CLANG_WARN_NON_LITERAL_NULL_CONVERSION = YES;
				CLANG_WARN_OBJC_IMPLICIT_RETAIN_SELF = YES;
				CLANG_WARN_OBJC_LITERAL_CONVERSION = YES;
				CLANG_WARN_OBJC_ROOT_CLASS = YES_ERROR;
				CLANG_WARN_QUOTED_INCLUDE_IN_FRAMEWORK_HEADER = YES;
				CLANG_WARN_RANGE_LOOP_ANALYSIS = YES;
				CLANG_WARN_STRICT_PROTOTYPES = YES;
				CLANG_WARN_SUSPICIOUS_MOVE = YES;
				CLANG_WARN_UNGUARDED_AVAILABILITY = YES_AGGRESSIVE;
				CLANG_WARN_UNREACHABLE_CODE = YES;
				CLANG_WARN__DUPLICATE_METHOD_MATCH = YES;
				COPY_PHASE_STRIP = NO;
				DEBUG_INFORMATION_FORMAT = "dwarf-with-dsym";
				ENABLE_NS_ASSERTIONS = NO;
				ENABLE_STRICT_OBJC_MSGSEND = YES;
				GCC_C_LANGUAGE_STANDARD = gnu11;
				GCC_NO_COMMON_BLOCKS = YES;
				GCC_WARN_64_TO_32_BIT_CONVERSION = YES;
				GCC_WARN_ABOUT_RETURN_TYPE = YES_ERROR;
				GCC_WARN_UNDECLARED_SELECTOR = YES;
				GCC_WARN_UNINITIALIZED_AUTOS = YES_AGGRESSIVE;
				GCC_WARN_UNUSED_FUNCTION = YES;
				GCC_WARN_UNUSED_VARIABLE = YES;
				MTL_ENABLE_DEBUG_INFO = NO;
				MTL_FAST_MATH = YES;
				SWIFT_COMPILATION_MODE = wholemodule;
				SWIFT_OPTIMIZATION_LEVEL = "-O";
			};
			name = Release;
		};
		C74E623724A3104100C060A1 /* Debug */ = {
			isa = XCBuildConfiguration;
			buildSettings = {
				ASSETCATALOG_COMPILER_APPICON_NAME = AppIcon;
				ASSETCATALOG_COMPILER_GLOBAL_ACCENT_COLOR_NAME = AccentColor;
				CODE_SIGN_STYLE = Automatic;
				DEVELOPMENT_TEAM = 2765226H97;
				ENABLE_PREVIEWS = YES;
				INFOPLIST_FILE = iOS/Info.plist;
				IPHONEOS_DEPLOYMENT_TARGET = 14.0;
				LD_RUNPATH_SEARCH_PATHS = (
					"$(inherited)",
					"@executable_path/Frameworks",
				);
				PRODUCT_BUNDLE_IDENTIFIER = com.stleam.PouchPlus;
				PRODUCT_NAME = PouchPlus;
				SDKROOT = iphoneos;
				SWIFT_VERSION = 5.0;
				TARGETED_DEVICE_FAMILY = "1,2";
			};
			name = Debug;
		};
		C74E623824A3104100C060A1 /* Release */ = {
			isa = XCBuildConfiguration;
			buildSettings = {
				ASSETCATALOG_COMPILER_APPICON_NAME = AppIcon;
				ASSETCATALOG_COMPILER_GLOBAL_ACCENT_COLOR_NAME = AccentColor;
				CODE_SIGN_STYLE = Automatic;
				DEVELOPMENT_TEAM = 2765226H97;
				ENABLE_PREVIEWS = YES;
				INFOPLIST_FILE = iOS/Info.plist;
				IPHONEOS_DEPLOYMENT_TARGET = 14.0;
				LD_RUNPATH_SEARCH_PATHS = (
					"$(inherited)",
					"@executable_path/Frameworks",
				);
				PRODUCT_BUNDLE_IDENTIFIER = com.stleam.PouchPlus;
				PRODUCT_NAME = PouchPlus;
				SDKROOT = iphoneos;
				SWIFT_VERSION = 5.0;
				TARGETED_DEVICE_FAMILY = "1,2";
				VALIDATE_PRODUCT = YES;
			};
			name = Release;
		};
		C74E623A24A3104100C060A1 /* Debug */ = {
			isa = XCBuildConfiguration;
			buildSettings = {
				ASSETCATALOG_COMPILER_APPICON_NAME = AppIcon;
				ASSETCATALOG_COMPILER_GLOBAL_ACCENT_COLOR_NAME = AccentColor;
				CODE_SIGN_ENTITLEMENTS = macOS/macOS.entitlements;
				CODE_SIGN_STYLE = Automatic;
				COMBINE_HIDPI_IMAGES = YES;
				DEVELOPMENT_TEAM = 2765226H97;
				ENABLE_HARDENED_RUNTIME = YES;
				ENABLE_PREVIEWS = YES;
				INFOPLIST_FILE = macOS/Info.plist;
				LD_RUNPATH_SEARCH_PATHS = (
					"$(inherited)",
					"@executable_path/../Frameworks",
				);
				MACOSX_DEPLOYMENT_TARGET = 10.16;
				PRODUCT_BUNDLE_IDENTIFIER = com.stleam.PouchPlus;
				PRODUCT_NAME = PouchPlus;
				SDKROOT = macosx;
				SWIFT_VERSION = 5.0;
			};
			name = Debug;
		};
		C74E623B24A3104100C060A1 /* Release */ = {
			isa = XCBuildConfiguration;
			buildSettings = {
				ASSETCATALOG_COMPILER_APPICON_NAME = AppIcon;
				ASSETCATALOG_COMPILER_GLOBAL_ACCENT_COLOR_NAME = AccentColor;
				CODE_SIGN_ENTITLEMENTS = macOS/macOS.entitlements;
				CODE_SIGN_STYLE = Automatic;
				COMBINE_HIDPI_IMAGES = YES;
				DEVELOPMENT_TEAM = 2765226H97;
				ENABLE_HARDENED_RUNTIME = YES;
				ENABLE_PREVIEWS = YES;
				INFOPLIST_FILE = macOS/Info.plist;
				LD_RUNPATH_SEARCH_PATHS = (
					"$(inherited)",
					"@executable_path/../Frameworks",
				);
				MACOSX_DEPLOYMENT_TARGET = 10.16;
				PRODUCT_BUNDLE_IDENTIFIER = com.stleam.PouchPlus;
				PRODUCT_NAME = PouchPlus;
				SDKROOT = macosx;
				SWIFT_VERSION = 5.0;
			};
			name = Release;
		};
		C74E623D24A3104100C060A1 /* Debug */ = {
			isa = XCBuildConfiguration;
			buildSettings = {
				ALWAYS_EMBED_SWIFT_STANDARD_LIBRARIES = YES;
				CODE_SIGN_STYLE = Automatic;
				DEVELOPMENT_TEAM = 2765226H97;
				INFOPLIST_FILE = "Tests iOS/Info.plist";
				IPHONEOS_DEPLOYMENT_TARGET = 14.0;
				LD_RUNPATH_SEARCH_PATHS = (
					"$(inherited)",
					"@executable_path/Frameworks",
					"@loader_path/Frameworks",
				);
				PRODUCT_BUNDLE_IDENTIFIER = "com.stleam.Tests-iOS";
				PRODUCT_NAME = "$(TARGET_NAME)";
				SDKROOT = iphoneos;
				SWIFT_VERSION = 5.0;
				TARGETED_DEVICE_FAMILY = "1,2";
				TEST_TARGET_NAME = iOS;
			};
			name = Debug;
		};
		C74E623E24A3104100C060A1 /* Release */ = {
			isa = XCBuildConfiguration;
			buildSettings = {
				ALWAYS_EMBED_SWIFT_STANDARD_LIBRARIES = YES;
				CODE_SIGN_STYLE = Automatic;
				DEVELOPMENT_TEAM = 2765226H97;
				INFOPLIST_FILE = "Tests iOS/Info.plist";
				IPHONEOS_DEPLOYMENT_TARGET = 14.0;
				LD_RUNPATH_SEARCH_PATHS = (
					"$(inherited)",
					"@executable_path/Frameworks",
					"@loader_path/Frameworks",
				);
				PRODUCT_BUNDLE_IDENTIFIER = "com.stleam.Tests-iOS";
				PRODUCT_NAME = "$(TARGET_NAME)";
				SDKROOT = iphoneos;
				SWIFT_VERSION = 5.0;
				TARGETED_DEVICE_FAMILY = "1,2";
				TEST_TARGET_NAME = iOS;
				VALIDATE_PRODUCT = YES;
			};
			name = Release;
		};
		C74E624024A3104100C060A1 /* Debug */ = {
			isa = XCBuildConfiguration;
			buildSettings = {
				ALWAYS_EMBED_SWIFT_STANDARD_LIBRARIES = YES;
				CODE_SIGN_STYLE = Automatic;
				COMBINE_HIDPI_IMAGES = YES;
				DEVELOPMENT_TEAM = 2765226H97;
				INFOPLIST_FILE = "Tests macOS/Info.plist";
				LD_RUNPATH_SEARCH_PATHS = (
					"$(inherited)",
					"@executable_path/../Frameworks",
					"@loader_path/../Frameworks",
				);
				MACOSX_DEPLOYMENT_TARGET = 10.15;
				PRODUCT_BUNDLE_IDENTIFIER = "com.stleam.Tests-macOS";
				PRODUCT_NAME = "$(TARGET_NAME)";
				SDKROOT = macosx;
				SWIFT_VERSION = 5.0;
				TEST_TARGET_NAME = macOS;
			};
			name = Debug;
		};
		C74E624124A3104100C060A1 /* Release */ = {
			isa = XCBuildConfiguration;
			buildSettings = {
				ALWAYS_EMBED_SWIFT_STANDARD_LIBRARIES = YES;
				CODE_SIGN_STYLE = Automatic;
				COMBINE_HIDPI_IMAGES = YES;
				DEVELOPMENT_TEAM = 2765226H97;
				INFOPLIST_FILE = "Tests macOS/Info.plist";
				LD_RUNPATH_SEARCH_PATHS = (
					"$(inherited)",
					"@executable_path/../Frameworks",
					"@loader_path/../Frameworks",
				);
				MACOSX_DEPLOYMENT_TARGET = 10.15;
				PRODUCT_BUNDLE_IDENTIFIER = "com.stleam.Tests-macOS";
				PRODUCT_NAME = "$(TARGET_NAME)";
				SDKROOT = macosx;
				SWIFT_VERSION = 5.0;
				TEST_TARGET_NAME = macOS;
			};
			name = Release;
		};
/* End XCBuildConfiguration section */

/* Begin XCConfigurationList section */
		C74E620324A3103E00C060A1 /* Build configuration list for PBXProject "PouchPlus" */ = {
			isa = XCConfigurationList;
			buildConfigurations = (
				C74E623424A3104100C060A1 /* Debug */,
				C74E623524A3104100C060A1 /* Release */,
			);
			defaultConfigurationIsVisible = 0;
			defaultConfigurationName = Release;
		};
		C74E623624A3104100C060A1 /* Build configuration list for PBXNativeTarget "iOS" */ = {
			isa = XCConfigurationList;
			buildConfigurations = (
				C74E623724A3104100C060A1 /* Debug */,
				C74E623824A3104100C060A1 /* Release */,
			);
			defaultConfigurationIsVisible = 0;
			defaultConfigurationName = Release;
		};
		C74E623924A3104100C060A1 /* Build configuration list for PBXNativeTarget "macOS" */ = {
			isa = XCConfigurationList;
			buildConfigurations = (
				C74E623A24A3104100C060A1 /* Debug */,
				C74E623B24A3104100C060A1 /* Release */,
			);
			defaultConfigurationIsVisible = 0;
			defaultConfigurationName = Release;
		};
		C74E623C24A3104100C060A1 /* Build configuration list for PBXNativeTarget "Tests iOS" */ = {
			isa = XCConfigurationList;
			buildConfigurations = (
				C74E623D24A3104100C060A1 /* Debug */,
				C74E623E24A3104100C060A1 /* Release */,
			);
			defaultConfigurationIsVisible = 0;
			defaultConfigurationName = Release;
		};
		C74E623F24A3104100C060A1 /* Build configuration list for PBXNativeTarget "Tests macOS" */ = {
			isa = XCConfigurationList;
			buildConfigurations = (
				C74E624024A3104100C060A1 /* Debug */,
				C74E624124A3104100C060A1 /* Release */,
			);
			defaultConfigurationIsVisible = 0;
			defaultConfigurationName = Release;
		};
/* End XCConfigurationList section */

/* Begin XCRemoteSwiftPackageReference section */
		C70BFC8A24B16BD10061C054 /* XCRemoteSwiftPackageReference "Disk" */ = {
			isa = XCRemoteSwiftPackageReference;
			repositoryURL = "https://github.com/saoudrizwan/Disk.git";
			requirement = {
				kind = upToNextMajorVersion;
				minimumVersion = 0.6.4;
			};
		};
		C74E624E24A3223900C060A1 /* XCRemoteSwiftPackageReference "ExtensionKit" */ = {
			isa = XCRemoteSwiftPackageReference;
			repositoryURL = "https://github.com/stleamist/ExtensionKit.git";
			requirement = {
				kind = upToNextMajorVersion;
				minimumVersion = 1.0.10;
			};
		};
		C74E625724A3256300C060A1 /* XCRemoteSwiftPackageReference "Alamofire" */ = {
			isa = XCRemoteSwiftPackageReference;
			repositoryURL = "https://github.com/Alamofire/Alamofire.git";
			requirement = {
				kind = upToNextMajorVersion;
				minimumVersion = 5.2.1;
			};
		};
		C753297124A4D74B006C1C08 /* XCRemoteSwiftPackageReference "SwiftyJSON" */ = {
			isa = XCRemoteSwiftPackageReference;
			repositoryURL = "https://github.com/SwiftyJSON/SwiftyJSON.git";
			requirement = {
				kind = upToNextMajorVersion;
				minimumVersion = 5.0.0;
			};
		};
		C753297424A4D77A006C1C08 /* XCRemoteSwiftPackageReference "Kingfisher" */ = {
			isa = XCRemoteSwiftPackageReference;
			repositoryURL = "https://github.com/onevcat/Kingfisher.git";
			requirement = {
				kind = upToNextMajorVersion;
				minimumVersion = 5.14.0;
			};
		};
		C753297724A4D7A8006C1C08 /* XCRemoteSwiftPackageReference "FavIcon" */ = {
			isa = XCRemoteSwiftPackageReference;
			repositoryURL = "https://github.com/leonbreedt/FavIcon.git";
			requirement = {
				kind = upToNextMajorVersion;
				minimumVersion = 3.1.0;
			};
		};
		C75329C624A5B43D006C1C08 /* XCRemoteSwiftPackageReference "KeychainAccess" */ = {
			isa = XCRemoteSwiftPackageReference;
			repositoryURL = "https://github.com/kishikawakatsumi/KeychainAccess.git";
			requirement = {
				kind = upToNextMajorVersion;
				minimumVersion = 4.2.0;
			};
		};
		C7E763F125158D8700FE060C /* XCRemoteSwiftPackageReference "BetterSafariView" */ = {
			isa = XCRemoteSwiftPackageReference;
			repositoryURL = "https://github.com/stleamist/BetterSafariView.git";
			requirement = {
				kind = upToNextMajorVersion;
				minimumVersion = 2.2.2;
			};
		};
/* End XCRemoteSwiftPackageReference section */

/* Begin XCSwiftPackageProductDependency section */
		C70BFC8B24B16BD10061C054 /* Disk */ = {
			isa = XCSwiftPackageProductDependency;
			package = C70BFC8A24B16BD10061C054 /* XCRemoteSwiftPackageReference "Disk" */;
			productName = Disk;
		};
		C74E624F24A3223900C060A1 /* ExtensionKit */ = {
			isa = XCSwiftPackageProductDependency;
			package = C74E624E24A3223900C060A1 /* XCRemoteSwiftPackageReference "ExtensionKit" */;
			productName = ExtensionKit;
		};
		C74E625824A3256300C060A1 /* Alamofire */ = {
			isa = XCSwiftPackageProductDependency;
			package = C74E625724A3256300C060A1 /* XCRemoteSwiftPackageReference "Alamofire" */;
			productName = Alamofire;
		};
		C753297224A4D74B006C1C08 /* SwiftyJSON */ = {
			isa = XCSwiftPackageProductDependency;
			package = C753297124A4D74B006C1C08 /* XCRemoteSwiftPackageReference "SwiftyJSON" */;
			productName = SwiftyJSON;
		};
		C753297524A4D77A006C1C08 /* KingfisherSwiftUI */ = {
			isa = XCSwiftPackageProductDependency;
			package = C753297424A4D77A006C1C08 /* XCRemoteSwiftPackageReference "Kingfisher" */;
			productName = KingfisherSwiftUI;
		};
		C753297824A4D7A8006C1C08 /* FavIcon */ = {
			isa = XCSwiftPackageProductDependency;
			package = C753297724A4D7A8006C1C08 /* XCRemoteSwiftPackageReference "FavIcon" */;
			productName = FavIcon;
		};
		C75329C724A5B43D006C1C08 /* KeychainAccess */ = {
			isa = XCSwiftPackageProductDependency;
			package = C75329C624A5B43D006C1C08 /* XCRemoteSwiftPackageReference "KeychainAccess" */;
			productName = KeychainAccess;
		};
		C7E763F225158D8700FE060C /* BetterSafariView */ = {
			isa = XCSwiftPackageProductDependency;
			package = C7E763F125158D8700FE060C /* XCRemoteSwiftPackageReference "BetterSafariView" */;
			productName = BetterSafariView;
		};
/* End XCSwiftPackageProductDependency section */
	};
	rootObject = C74E620024A3103E00C060A1 /* Project object */;
}
